{
  "name": "atcute",
  "version": "1.0.0",
  "lockfileVersion": 3,
  "requires": true,
  "packages": {
    "": {
      "name": "atcute",
      "version": "1.0.0",
      "license": "ISC",
      "dependencies": {
        "@atcute/cbor": "^2.3.2",
        "@atcute/cid": "^2.4.1"
      }
    },
    "node_modules/@atcute/cbor": {
      "version": "2.3.2",
      "resolved": "https://registry.npmjs.org/@atcute/cbor/-/cbor-2.3.2.tgz",
      "integrity": "sha512-xP2SORSau/VVI00x2V4BjwIkHr6EQ7l/MXEOPaa4LGYtePFc4gnD4L1yN10dT5NEuUnvGEuCh6arLB7gz1smVQ==",
      "license": "0BSD",
      "dependencies": {
        "@atcute/cid": "^2.4.1",
        "@atcute/multibase": "^1.1.8",
        "@atcute/uint8array": "^1.1.1"
      }
    },
    "node_modules/@atcute/cid": {
      "version": "2.4.1",
      "resolved": "https://registry.npmjs.org/@atcute/cid/-/cid-2.4.1.tgz",
      "integrity": "sha512-bwhna69RCv7yetXudtj+2qrMPYvhhIQqvJz6YUpUS98v7OdF3X2dnye9Nig2NDrklZcuyOsu7sQo7GOykJXRLQ==",
      "license": "0BSD",
      "dependencies": {
        "@atcute/multibase": "^1.1.8",
        "@atcute/uint8array": "^1.1.1"
      }
    },
    "node_modules/@atcute/multibase": {
      "version": "1.2.0",
      "resolved": "https://registry.npmjs.org/@atcute/multibase/-/multibase-1.2.0.tgz",
      "integrity": "sha512-ZK2GRra+qIYq9nNuQB52m2ul0hOmCQEtPobGfTSUxm7pF0OGEkWGkWHugFhNEDVzHzTwPxHp6VGotdZFue4lYQ==",
      "license": "0BSD",
      "dependencies": {
        "@atcute/uint8array": "^1.1.1"
      }
    },
    "node_modules/@atcute/uint8array": {
      "version": "1.1.1",
      "resolved": "https://registry.npmjs.org/@atcute/uint8array/-/uint8array-1.1.1.tgz",
      "integrity": "sha512-3LsC8XB8TKe9q/5hOA5sFuzGaIFdJZJNewC5OKa3o/eU6+K7JR6see9Zy2JbQERNVnRl11EzbNov1efgLMAs4g==",
      "license": "0BSD"
    }
  }
}
